
Microsoft Visual Studio Solution File, Format Version 12.00
Project("{FAE04EC0-301F-11D3-BF4B-00C04F79EFBC}") = "Wishlis.Domain", "Wishlis.Domain\Wishlis.Domain.csproj", "{7C86DF6E-E181-4744-B1B3-AB843B600E6C}"
EndProject
Project("{FAE04EC0-301F-11D3-BF4B-00C04F79EFBC}") = "Wishlis.Application", "Wishlis.Application\Wishlis.Application.csproj", "{97BB8DDC-1D42-4835-B67C-5B9664AC2576}"
EndProject
Project("{FAE04EC0-301F-11D3-BF4B-00C04F79EFBC}") = "Wishlis.Infrastructure", "Wishlis.Infrastructure\Wishlis.Infrastructure.csproj", "{F08AFB68-DA8C-46E2-A1D8-0DD8C4E2D4F5}"
EndProject
Project("{FAE04EC0-301F-11D3-BF4B-00C04F79EFBC}") = "Wishlis.Tests", "Wishlis.Tests\Wishlis.Tests.csproj", "{D4C721DF-7D93-483F-85C4-EBEFC09B7D88}"
EndProject
Project("{FAE04EC0-301F-11D3-BF4B-00C04F79EFBC}") = "Wishlis.Console", "Wishlis.Console\Wishlis.Console.csproj", "{0B228941-4512-4B75-BAA2-DCD50C93657A}"
EndProject
Project("{FAE04EC0-301F-11D3-BF4B-00C04F79EFBC}") = "Wishlis.WebApp", "Wishlis.WebApp\Wishlis.WebApp.csproj", "{18CD3FEE-4980-4BA5-B75D-316113268BCA}"
EndProject
Global
	GlobalSection(SolutionConfigurationPlatforms) = preSolution
		Debug|Any CPU = Debug|Any CPU
		Release|Any CPU = Release|Any CPU
	EndGlobalSection
	GlobalSection(ProjectConfigurationPlatforms) = postSolution
		{7C86DF6E-E181-4744-B1B3-AB843B600E6C}.Debug|Any CPU.ActiveCfg = Debug|Any CPU
		{7C86DF6E-E181-4744-B1B3-AB843B600E6C}.Debug|Any CPU.Build.0 = Debug|Any CPU
		{7C86DF6E-E181-4744-B1B3-AB843B600E6C}.Release|Any CPU.ActiveCfg = Release|Any CPU
		{7C86DF6E-E181-4744-B1B3-AB843B600E6C}.Release|Any CPU.Build.0 = Release|Any CPU
		{97BB8DDC-1D42-4835-B67C-5B9664AC2576}.Debug|Any CPU.ActiveCfg = Debug|Any CPU
		{97BB8DDC-1D42-4835-B67C-5B9664AC2576}.Debug|Any CPU.Build.0 = Debug|Any CPU
		{97BB8DDC-1D42-4835-B67C-5B9664AC2576}.Release|Any CPU.ActiveCfg = Release|Any CPU
		{97BB8DDC-1D42-4835-B67C-5B9664AC2576}.Release|Any CPU.Build.0 = Release|Any CPU
		{F08AFB68-DA8C-46E2-A1D8-0DD8C4E2D4F5}.Debug|Any CPU.ActiveCfg = Debug|Any CPU
		{F08AFB68-DA8C-46E2-A1D8-0DD8C4E2D4F5}.Debug|Any CPU.Build.0 = Debug|Any CPU
		{F08AFB68-DA8C-46E2-A1D8-0DD8C4E2D4F5}.Release|Any CPU.ActiveCfg = Release|Any CPU
		{F08AFB68-DA8C-46E2-A1D8-0DD8C4E2D4F5}.Release|Any CPU.Build.0 = Release|Any CPU
		{D4C721DF-7D93-483F-85C4-EBEFC09B7D88}.Debug|Any CPU.ActiveCfg = Debug|Any CPU
		{D4C721DF-7D93-483F-85C4-EBEFC09B7D88}.Debug|Any CPU.Build.0 = Debug|Any CPU
		{D4C721DF-7D93-483F-85C4-EBEFC09B7D88}.Release|Any CPU.ActiveCfg = Release|Any CPU
		{D4C721DF-7D93-483F-85C4-EBEFC09B7D88}.Release|Any CPU.Build.0 = Release|Any CPU
		{0B228941-4512-4B75-BAA2-DCD50C93657A}.Debug|Any CPU.ActiveCfg = Debug|Any CPU
		{0B228941-4512-4B75-BAA2-DCD50C93657A}.Debug|Any CPU.Build.0 = Debug|Any CPU
		{0B228941-4512-4B75-BAA2-DCD50C93657A}.Release|Any CPU.ActiveCfg = Release|Any CPU
		{0B228941-4512-4B75-BAA2-DCD50C93657A}.Release|Any CPU.Build.0 = Release|Any CPU
		{18CD3FEE-4980-4BA5-B75D-316113268BCA}.Debug|Any CPU.ActiveCfg = Debug|Any CPU
		{18CD3FEE-4980-4BA5-B75D-316113268BCA}.Debug|Any CPU.Build.0 = Debug|Any CPU
		{18CD3FEE-4980-4BA5-B75D-316113268BCA}.Release|Any CPU.ActiveCfg = Release|Any CPU
		{18CD3FEE-4980-4BA5-B75D-316113268BCA}.Release|Any CPU.Build.0 = Release|Any CPU
	EndGlobalSection
EndGlobal
